{
  "nodes": {
    "crane": {
      "locked": {
        "lastModified": 1785631643,
        "narHash": "sha256-H++/2dMt+5+tErKU+t5z6c4Xedvj9w+UPQYrpygwIPw=",
        "owner": "ipetkov",
        "repo": "crane",
        "rev": "b8d87f76ea4e4b6f30f2e6eaf3fbb60ff7d87167",
        "type": "github"
      },
      "original": {
        "owner": "ipetkov",
        "repo": "crane",
        "type": "github"
      }
    },
    "flake-compat": {
      "flake": false,
      "locked": {
        "lastModified": 1767039857,
        "narHash": "sha256-vNpUSpF5Nuw8xvDLj2KCwwksIbjua2LZCqhV1LNRDns=",
        "owner": "NixOS",
        "repo": "flake-compat",
        "rev": "5edf11c44bc78a0d334f6334cdaf7d60d732daab",
        "type": "github"
      },
      "original": {
        "owner": "NixOS",
        "repo": "flake-compat",
        "type": "github"
      }
    },
    "nixpkgs": {
      "locked": {
        "lastModified": 1785692966,
        "narHash": "sha256-vUfIeBEfpbAfZ5zjgIkYk7eHBeVfCYVjLbWnMkseYnk=",
        "owner": "NixOS",
        "repo": "nixpkgs",
        "rev": "643809054d65fdd466a63e3155b8c498cb483c04",
        "type": "github"
      },
      "original": {
        "owner": "NixOS",
        "ref": "nixos-unstable",
        "repo": "nixpkgs",
        "type": "github"
      }
    },
    "pre-commit": {
      "inputs": {
        "flake-compat": "flake-compat",
        "nixpkgs": [
          "nixpkgs"
        ]
      },
      "locked": {
        "lastModified": 1784288435,
        "narHash": "sha256-ReRHaLgr/uVqdD8afFSn+myXIfpHeOhP0yYe0TJqAA8=",
        "owner": "cachix",
        "repo": "git-hooks.nix",
        "rev": "43b3c1ab9d40fb1dbb008f451988a91e375825e9",
        "type": "github"
      },
      "original": {
        "owner": "cachix",
        "repo": "git-hooks.nix",
        "type": "github"
      }
    },
    "root": {
      "inputs": {
        "crane": "crane",
        "nixpkgs": "nixpkgs",
        "pre-commit": "pre-commit",
        "rust-overlay": "rust-overlay"
      }
    },
    "rust-overlay": {
      "inputs": {
        "nixpkgs": [
          "nixpkgs"
        ]
      },
      "locked": {
        "lastModified": 1785736145,
        "narHash": "sha256-DauSP0ACycrq3MEEmDz/Scsxhs9TPBTexwKbTuE8Bw8=",
        "owner": "oxalica",
        "repo": "rust-overlay",
        "rev": "292249772330735cb32b90dedf44feddec40e7d0",
        "type": "github"
      },
      "original": {
        "owner": "oxalica",
        "repo": "rust-overlay",
        "type": "github"
      }
    }
  },
  "root": "root",
  "version": 7
}
