{
  "version": "1",
  "sources": {
    "nixpkgs": {
      "type": "GitHub",
      "fetchType": "tarball",
      "owner": "nixos",
      "repo": "nixpkgs",
      "branch": "nixos-unstable",
      "revision": "c5ae371f1a6a7fd27823bc500d9390b38c05fa55",
      "url": "https://github.com/nixos/nixpkgs/archive/c5ae371f1a6a7fd27823bc500d9390b38c05fa55.tar.gz",
      "hash": "sha256-4PqRErxfe+2toFJFgcRKZ0UI9NSIOJa+7RXVtBhy4KE="
    }
  }
}
